
Microsoft Visual Studio Solution File, Format Version 12.00
# Visual Studio Version 16
VisualStudioVersion = 16.0.28803.156
MinimumVisualStudioVersion = 10.0.40219.1
Project("{FAE04EC0-301F-11D3-BF4B-00C04F79EFBC}") = "BigramParser.Tests", "BigramParser.Tests\BigramParser.Tests.csproj", "{471384B0-5F51-4203-AA77-E097D222B952}"
EndProject
Project("{FAE04EC0-301F-11D3-BF4B-00C04F79EFBC}") = "BigramParser.UI", "BigramParser.UI\BigramParser.UI.csproj", "{24828C34-3E9F-41EC-9CA9-4ACE2285C6FF}"
EndProject
Project("{FAE04EC0-301F-11D3-BF4B-00C04F79EFBC}") = "BigramParser.Core", "BigramParser.Core\BigramParser.Core.csproj", "{C59EC965-30D3-4630-AF76-4FB4450F2063}"
EndProject
Global
	GlobalSection(SolutionConfigurationPlatforms) = preSolution
		Debug|Any CPU = Debug|Any CPU
		Release|Any CPU = Release|Any CPU
	EndGlobalSection
	GlobalSection(ProjectConfigurationPlatforms) = postSolution
		{471384B0-5F51-4203-AA77-E097D222B952}.Debug|Any CPU.ActiveCfg = Debug|Any CPU
		{471384B0-5F51-4203-AA77-E097D222B952}.Debug|Any CPU.Build.0 = Debug|Any CPU
		{471384B0-5F51-4203-AA77-E097D222B952}.Release|Any CPU.ActiveCfg = Release|Any CPU
		{471384B0-5F51-4203-AA77-E097D222B952}.Release|Any CPU.Build.0 = Release|Any CPU
		{24828C34-3E9F-41EC-9CA9-4ACE2285C6FF}.Debug|Any CPU.ActiveCfg = Debug|Any CPU
		{24828C34-3E9F-41EC-9CA9-4ACE2285C6FF}.Debug|Any CPU.Build.0 = Debug|Any CPU
		{24828C34-3E9F-41EC-9CA9-4ACE2285C6FF}.Release|Any CPU.ActiveCfg = Release|Any CPU
		{24828C34-3E9F-41EC-9CA9-4ACE2285C6FF}.Release|Any CPU.Build.0 = Release|Any CPU
		{C59EC965-30D3-4630-AF76-4FB4450F2063}.Debug|Any CPU.ActiveCfg = Debug|Any CPU
		{C59EC965-30D3-4630-AF76-4FB4450F2063}.Debug|Any CPU.Build.0 = Debug|Any CPU
		{C59EC965-30D3-4630-AF76-4FB4450F2063}.Release|Any CPU.ActiveCfg = Release|Any CPU
		{C59EC965-30D3-4630-AF76-4FB4450F2063}.Release|Any CPU.Build.0 = Release|Any CPU
	EndGlobalSection
	GlobalSection(SolutionProperties) = preSolution
		HideSolutionNode = FALSE
	EndGlobalSection
	GlobalSection(ExtensibilityGlobals) = postSolution
		SolutionGuid = {023D0C10-CFE8-40F9-92D4-AEA8B65F94BC}
	EndGlobalSection
EndGlobal
